// !$*UTF8*$!
{
	archiveVersion = 1;
	classes = {
	};
	objectVersion = 46;
	objects = {

/* Begin PBXBuildFile section */
		331F56B71D8CC6C600B6AC7C /* main.m in Sources */ = {isa = PBXBuildFile; fileRef = 331F56B61D8CC6C600B6AC7C /* main.m */; };
		331F56BA1D8CC6C600B6AC7C /* AppDelegate.m in Sources */ = {isa = PBXBuildFile; fileRef = 331F56B91D8CC6C600B6AC7C /* AppDelegate.m */; };
		331F56BD1D8CC6C600B6AC7C /* ViewController.m in Sources */ = {isa = PBXBuildFile; fileRef = 331F56BC1D8CC6C600B6AC7C /* ViewController.m */; };
		331F56C01D8CC6C600B6AC7C /* Main.storyboard in Resources */ = {isa = PBXBuildFile; fileRef = 331F56BE1D8CC6C600B6AC7C /* Main.storyboard */; };
		331F56C21D8CC6C600B6AC7C /* Assets.xcassets in Resources */ = {isa = PBXBuildFile; fileRef = 331F56C11D8CC6C600B6AC7C /* Assets.xcassets */; };
		331F56C51D8CC6C600B6AC7C /* LaunchScreen.storyboard in Resources */ = {isa = PBXBuildFile; fileRef = 331F56C31D8CC6C600B6AC7C /* LaunchScreen.storyboard */; };
/* End PBXBuildFile section */

/* Begin PBXFileReference section */
		331F56B21D8CC6C600B6AC7C /* Photorama.app */ = {isa = PBXFileReference; explicitFileType = wrapper.application; includeInIndex = 0; path = Photorama.app; sourceTree = BUILT_PRODUCTS_DIR; };
		331F56B61D8CC6C600B6AC7C /* main.m */ = {isa = PBXFileReference; lastKnownFileType = sourcecode.c.objc; path = main.m; sourceTree = "<group>"; };
		331F56B81D8CC6C600B6AC7C /* AppDelegate.h */ = {isa = PBXFileReference; lastKnownFileType = sourcecode.c.h; path = AppDelegate.h; sourceTree = "<group>"; };
		331F56B91D8CC6C600B6AC7C /* AppDelegate.m */ = {isa = PBXFileReference; lastKnownFileType = sourcecode.c.objc; path = AppDelegate.m; sourceTree = "<group>"; };
		331F56BB1D8CC6C600B6AC7C /* ViewController.h */ = {isa = PBXFileReference; lastKnownFileType = sourcecode.c.h; path = ViewController.h; sourceTree = "<group>"; };
		331F56BC1D8CC6C600B6AC7C /* ViewController.m */ = {isa = PBXFileReference; lastKnownFileType = sourcecode.c.objc; path = ViewController.m; sourceTree = "<group>"; };
		331F56BF1D8CC6C600B6AC7C /* Base */ = {isa = PBXFileReference; lastKnownFileType = file.storyboard; name = Base; path = Base.lproj/Main.storyboard; sourceTree = "<group>"; };
		331F56C11D8CC6C600B6AC7C /* Assets.xcassets */ = {isa = PBXFileReference; lastKnownFileType = folder.assetcatalog; path = Assets.xcassets; sourceTree = "<group>"; };
		331F56C41D8CC6C600B6AC7C /* Base */ = {isa = PBXFileReference; lastKnownFileType = file.storyboard; name = Base; path = Base.lproj/LaunchScreen.storyboard; sourceTree = "<group>"; };
		331F56C61D8CC6C600B6AC7C /* Info.plist */ = {isa = PBXFileReference; lastKnownFileType = text.plist.xml; path = Info.plist; sourceTree = "<group>"; };
/* End PBXFileReference section */

/* Begin PBXFrameworksBuildPhase section */
		331F56AF1D8CC6C500B6AC7C /* Frameworks */ = {
			isa = PBXFrameworksBuildPhase;
			buildActionMask = 2147483647;
			files = (
			);
			runOnlyForDeploymentPostprocessing = 0;
		};
/* End PBXFrameworksBuildPhase section */

/* Begin PBXGroup section */
		331F56A91D8CC6C500B6AC7C = {
			isa = PBXGroup;
			children = (
				331F56B41D8CC6C600B6AC7C /* Photorama */,
				331F56B31D8CC6C600B6AC7C /* Products */,
			);
			sourceTree = "<group>";
		};
		331F56B31D8CC6C600B6AC7C /* Products */ = {
			isa = PBXGroup;
			children = (
				331F56B21D8CC6C600B6AC7C /* Photorama.app */,
			);
			name = Products;
			sourceTree = "<group>";
		};
		331F56B41D8CC6C600B6AC7C /* Photorama */ = {
			isa = PBXGroup;
			children = (
				331F56B81D8CC6C600B6AC7C /* AppDelegate.h */,
				331F56B91D8CC6C600B6AC7C /* AppDelegate.m */,
				331F56BB1D8CC6C600B6AC7C /* ViewController.h */,
				331F56BC1D8CC6C600B6AC7C /* ViewController.m */,
				331F56BE1D8CC6C600B6AC7C /* Main.storyboard */,
				331F56C11D8CC6C600B6AC7C /* Assets.xcassets */,
				331F56C31D8CC6C600B6AC7C /* LaunchScreen.storyboard */,
				331F56C61D8CC6C600B6AC7C /* Info.plist */,
				331F56B51D8CC6C600B6AC7C /* Supporting Files */,
			);
			path = Photorama;
			sourceTree = "<group>";
		};
		331F56B51D8CC6C600B6AC7C /* Supporting Files */ = {
			isa = PBXGroup;
			children = (
				331F56B61D8CC6C600B6AC7C /* main.m */,
			);
			name = "Supporting Files";
			sourceTree = "<group>";
		};
/* End PBXGroup section */

/* Begin PBXNativeTarget section */
		331F56B11D8CC6C500B6AC7C /* Photorama */ = {
			isa = PBXNativeTarget;
			buildConfigurationList = 331F56C91D8CC6C600B6AC7C /* Build configuration list for PBXNativeTarget "Photorama" */;
			buildPhases = (
				331F56AE1D8CC6C500B6AC7C /* Sources */,
				331F56AF1D8CC6C500B6AC7C /* Frameworks */,
				331F56B01D8CC6C500B6AC7C /* Resources */,
			);
			buildRules = (
			);
			dependencies = (
			);
			name = Photorama;
			productName = Photorama;
			productReference = 331F56B21D8CC6C600B6AC7C /* Photorama.app */;
			productType = "com.apple.product-type.application";
		};
/* End PBXNativeTarget section */

/* Begin PBXProject section */
		331F56AA1D8CC6C500B6AC7C /* Project object */ = {
			isa = PBXProject;
			attributes = {
				LastUpgradeCheck = 0800;
				ORGANIZATIONNAME = "Rodney Sampson II";
				TargetAttributes = {
					331F56B11D8CC6C500B6AC7C = {
						CreatedOnToolsVersion = 8.0;
						ProvisioningStyle = Automatic;
					};
				};
			};
			buildConfigurationList = 331F56AD1D8CC6C500B6AC7C /* Build configuration list for PBXProject "Photorama" */;
			compatibilityVersion = "Xcode 3.2";
			developmentRegion = English;
			hasScannedForEncodings = 0;
			knownRegions = (
				en,
				Base,
			);
			mainGroup = 331F56A91D8CC6C500B6AC7C;
			productRefGroup = 331F56B31D8CC6C600B6AC7C /* Products */;
			projectDirPath = "";
			projectRoot = "";
			targets = (
				331F56B11D8CC6C500B6AC7C /* Photorama */,
			);
		};
/* End PBXProject section */

/* Begin PBXResourcesBuildPhase section */
		331F56B01D8CC6C500B6AC7C /* Resources */ = {
			isa = PBXResourcesBuildPhase;
			buildActionMask = 2147483647;
			files = (
				331F56C51D8CC6C600B6AC7C /* LaunchScreen.storyboard in Resources */,
				331F56C21D8CC6C600B6AC7C /* Assets.xcassets in Resources */,
				331F56C01D8CC6C600B6AC7C /* Main.storyboard in Resources */,
			);
			runOnlyForDeploymentPostprocessing = 0;
		};
/* End PBXResourcesBuildPhase section */

/* Begin PBXSourcesBuildPhase section */
		331F56AE1D8CC6C500B6AC7C /* Sources */ = {
			isa = PBXSourcesBuildPhase;
			buildActionMask = 2147483647;
			files = (
				331F56BD1D8CC6C600B6AC7C /* ViewController.m in Sources */,
				331F56BA1D8CC6C600B6AC7C /* AppDelegate.m in Sources */,
				331F56B71D8CC6C600B6AC7C /* main.m in Sources */,
			);
			runOnlyForDeploymentPostprocessing = 0;
		};
/* End PBXSourcesBuildPhase section */

/* Begin PBXVariantGroup section */
		331F56BE1D8CC6C600B6AC7C /* Main.storyboard */ = {
			isa = PBXVariantGroup;
			children = (
				331F56BF1D8CC6C600B6AC7C /* Base */,
			);
			name = Main.storyboard;
			sourceTree = "<group>";
		};
		331F56C31D8CC6C600B6AC7C /* LaunchScreen.storyboard */ = {
			isa = PBXVariantGroup;
			children = (
				331F56C41D8CC6C600B6AC7C /* Base */,
			);
			name = LaunchScreen.storyboard;
			sourceTree = "<group>";
		};
/* End PBXVariantGroup section */

/* Begin XCBuildConfiguration section */
		331F56C71D8CC6C600B6AC7C /* Debug */ = {
			isa = XCBuildConfiguration;
			buildSettings = {
				ALWAYS_SEARCH_USER_PATHS = NO;
				CLANG_ANALYZER_NONNULL = YES;
				CLANG_CXX_LANGUAGE_STANDARD = "gnu++0x";
				CLANG_CXX_LIBRARY = "libc++";
				CLANG_ENABLE_MODULES = YES;
				CLANG_ENABLE_OBJC_ARC = YES;
				CLANG_WARN_BOOL_CONVERSION = YES;
				CLANG_WARN_CONSTANT_CONVERSION = YES;
				CLANG_WARN_DIRECT_OBJC_ISA_USAGE = YES_ERROR;
				CLANG_WARN_DOCUMENTATION_COMMENTS = YES;
				CLANG_WARN_EMPTY_BODY = YES;
				CLANG_WARN_ENUM_CONVERSION = YES;
				CLANG_WARN_INFINITE_RECURSION = YES;
				CLANG_WARN_INT_CONVERSION = YES;
				CLANG_WARN_OBJC_ROOT_CLASS = YES_ERROR;
				CLANG_WARN_SUSPICIOUS_MOVES = YES;
				CLANG_WARN_UNREACHABLE_CODE = YES;
				CLANG_WARN__DUPLICATE_METHOD_MATCH = YES;
				"CODE_SIGN_IDENTITY[sdk=iphoneos*]" = "iPhone Developer";
				COPY_PHASE_STRIP = NO;
				DEBUG_INFORMATION_FORMAT = dwarf;
				ENABLE_STRICT_OBJC_MSGSEND = YES;
				ENABLE_TESTABILITY = YES;
				GCC_C_LANGUAGE_STANDARD = gnu99;
				GCC_DYNAMIC_NO_PIC = NO;
				GCC_NO_COMMON_BLOCKS = YES;
				GCC_OPTIMIZATION_LEVEL = 0;
				GCC_PREPROCESSOR_DEFINITIONS = (
					"DEBUG=1",
					"$(inherited)",
				);
				GCC_WARN_64_TO_32_BIT_CONVERSION = YES;
				GCC_WARN_ABOUT_RETURN_TYPE = YES_ERROR;
				GCC_WARN_UNDECLARED_SELECTOR = YES;
				GCC_WARN_UNINITIALIZED_AUTOS = YES_AGGRESSIVE;
				GCC_WARN_UNUSED_FUNCTION = YES;
				GCC_WARN_UNUSED_VARIABLE = YES;
				IPHONEOS_DEPLOYMENT_TARGET = 10.0;
				MTL_ENABLE_DEBUG_INFO = YES;
				ONLY_ACTIVE_ARCH = YES;
				SDKROOT = iphoneos;
				TARGETED_DEVICE_FAMILY = "1,2";
			};
			name = Debug;
		};
		331F56C81D8CC6C600B6AC7C /* Release */ = {
			isa = XCBuildConfiguration;
			buildSettings = {
				ALWAYS_SEARCH_USER_PATHS = NO;
				CLANG_ANALYZER_NONNULL = YES;
				CLANG_CXX_LANGUAGE_STANDARD = "gnu++0x";
				CLANG_CXX_LIBRARY = "libc++";
				CLANG_ENABLE_MODULES = YES;
				CLANG_ENABLE_OBJC_ARC = YES;
				CLANG_WARN_BOOL_CONVERSION = YES;
				CLANG_WARN_CONSTANT_CONVERSION = YES;
				CLANG_WARN_DIRECT_OBJC_ISA_USAGE = YES_ERROR;
				CLANG_WARN_DOCUMENTATION_COMMENTS = YES;
				CLANG_WARN_EMPTY_BODY = YES;
				CLANG_WARN_ENUM_CONVERSION = YES;
				CLANG_WARN_INFINITE_RECURSION = YES;
				CLANG_WARN_INT_CONVERSION = YES;
				CLANG_WARN_OBJC_ROOT_CLASS = YES_ERROR;
				CLANG_WARN_SUSPICIOUS_MOVES = YES;
				CLANG_WARN_UNREACHABLE_CODE = YES;
				CLANG_WARN__DUPLICATE_METHOD_MATCH = YES;
				"CODE_SIGN_IDENTITY[sdk=iphoneos*]" = "iPhone Developer";
				COPY_PHASE_STRIP = NO;
				DEBUG_INFORMATION_FORMAT = "dwarf-with-dsym";
				ENABLE_NS_ASSERTIONS = NO;
				ENABLE_STRICT_OBJC_MSGSEND = YES;
				GCC_C_LANGUAGE_STANDARD = gnu99;
				GCC_NO_COMMON_BLOCKS = YES;
				GCC_WARN_64_TO_32_BIT_CONVERSION = YES;
				GCC_WARN_ABOUT_RETURN_TYPE = YES_ERROR;
				GCC_WARN_UNDECLARED_SELECTOR = YES;
				GCC_WARN_UNINITIALIZED_AUTOS = YES_AGGRESSIVE;
				GCC_WARN_UNUSED_FUNCTION = YES;
				GCC_WARN_UNUSED_VARIABLE = YES;
				IPHONEOS_DEPLOYMENT_TARGET = 10.0;
				MTL_ENABLE_DEBUG_INFO = NO;
				SDKROOT = iphoneos;
				TARGETED_DEVICE_FAMILY = "1,2";
				VALIDATE_PRODUCT = YES;
			};
			name = Release;
		};
		331F56CA1D8CC6C600B6AC7C /* Debug */ = {
			isa = XCBuildConfiguration;
			buildSettings = {
				ASSETCATALOG_COMPILER_APPICON_NAME = AppIcon;
				INFOPLIST_FILE = Photorama/Info.plist;
				LD_RUNPATH_SEARCH_PATHS = "$(inherited) @executable_path/Frameworks";
				PRODUCT_BUNDLE_IDENTIFIER = com.rsampdev.Photorama;
				PRODUCT_NAME = "$(TARGET_NAME)";
			};
			name = Debug;
		};
		331F56CB1D8CC6C600B6AC7C /* Release */ = {
			isa = XCBuildConfiguration;
			buildSettings = {
				ASSETCATALOG_COMPILER_APPICON_NAME = AppIcon;
				INFOPLIST_FILE = Photorama/Info.plist;
				LD_RUNPATH_SEARCH_PATHS = "$(inherited) @executable_path/Frameworks";
				PRODUCT_BUNDLE_IDENTIFIER = com.rsampdev.Photorama;
				PRODUCT_NAME = "$(TARGET_NAME)";
			};
			name = Release;
		};
/* End XCBuildConfiguration section */

/* Begin XCConfigurationList section */
		331F56AD1D8CC6C500B6AC7C /* Build configuration list for PBXProject "Photorama" */ = {
			isa = XCConfigurationList;
			buildConfigurations = (
				331F56C71D8CC6C600B6AC7C /* Debug */,
				331F56C81D8CC6C600B6AC7C /* Release */,
			);
			defaultConfigurationIsVisible = 0;
			defaultConfigurationName = Release;
		};
		331F56C91D8CC6C600B6AC7C /* Build configuration list for PBXNativeTarget "Photorama" */ = {
			isa = XCConfigurationList;
			buildConfigurations = (
				331F56CA1D8CC6C600B6AC7C /* Debug */,
				331F56CB1D8CC6C600B6AC7C /* Release */,
			);
			defaultConfigurationIsVisible = 0;
		};
/* End XCConfigurationList section */
	};
	rootObject = 331F56AA1D8CC6C500B6AC7C /* Project object */;
}
